
Microsoft Visual Studio Solution File, Format Version 12.00
# Visual Studio 15
VisualStudioVersion = 15.0.27703.2035
MinimumVisualStudioVersion = 10.0.40219.1
Project("{9A19103F-16F7-4668-BE54-9A1E7A4F7556}") = "LeadGeneration", "LeadGeneration.csproj", "{D954AB3F-55A8-45DC-94D3-9975A8287B21}"
EndProject
Global
	GlobalSection(SolutionConfigurationPlatforms) = preSolution
		Debug|Any CPU = Debug|Any CPU
		Release|Any CPU = Release|Any CPU
	EndGlobalSection
	GlobalSection(ProjectConfigurationPlatforms) = postSolution
		{D954AB3F-55A8-45DC-94D3-9975A8287B21}.Debug|Any CPU.ActiveCfg = Debug|Any CPU
		{D954AB3F-55A8-45DC-94D3-9975A8287B21}.Debug|Any CPU.Build.0 = Debug|Any CPU
		{D954AB3F-55A8-45DC-94D3-9975A8287B21}.Release|Any CPU.ActiveCfg = Release|Any CPU
		{D954AB3F-55A8-45DC-94D3-9975A8287B21}.Release|Any CPU.Build.0 = Release|Any CPU
	EndGlobalSection
	GlobalSection(SolutionProperties) = preSolution
		HideSolutionNode = FALSE
	EndGlobalSection
	GlobalSection(ExtensibilityGlobals) = postSolution
		SolutionGuid = {F59DD5FF-6699-42BB-ADC2-019A2B69C495}
	EndGlobalSection
EndGlobal
